// !$*UTF8*$!
{
	archiveVersion = 1;
	classes = {
	};
	objectVersion = 46;
	objects = {

/* Begin PBXBuildFile section */
		07F2C2FB18ACD53600151C30 /* Foundation.framework in Frameworks */ = {isa = PBXBuildFile; fileRef = 07F2C2FA18ACD53600151C30 /* Foundation.framework */; };
		07F2C2FD18ACD53600151C30 /* CoreGraphics.framework in Frameworks */ = {isa = PBXBuildFile; fileRef = 07F2C2FC18ACD53600151C30 /* CoreGraphics.framework */; };
		07F2C2FF18ACD53600151C30 /* UIKit.framework in Frameworks */ = {isa = PBXBuildFile; fileRef = 07F2C2FE18ACD53600151C30 /* UIKit.framework */; };
		07F2C30518ACD53600151C30 /* InfoPlist.strings in Resources */ = {isa = PBXBuildFile; fileRef = 07F2C30318ACD53600151C30 /* InfoPlist.strings */; };
		07F2C30718ACD53600151C30 /* main.m in Sources */ = {isa = PBXBuildFile; fileRef = 07F2C30618ACD53600151C30 /* main.m */; };
		07F2C30B18ACD53600151C30 /* CBAppDelegate.m in Sources */ = {isa = PBXBuildFile; fileRef = 07F2C30A18ACD53600151C30 /* CBAppDelegate.m */; };
		07F2C30E18ACD53600151C30 /* Main.storyboard in Resources */ = {isa = PBXBuildFile; fileRef = 07F2C30C18ACD53600151C30 /* Main.storyboard */; };
		07F2C31118ACD53600151C30 /* CBMasterViewController.m in Sources */ = {isa = PBXBuildFile; fileRef = 07F2C31018ACD53600151C30 /* CBMasterViewController.m */; };
		07F2C31418ACD53600151C30 /* CBDetailViewController.m in Sources */ = {isa = PBXBuildFile; fileRef = 07F2C31318ACD53600151C30 /* CBDetailViewController.m */; };
		07F2C31618ACD53600151C30 /* Images.xcassets in Resources */ = {isa = PBXBuildFile; fileRef = 07F2C31518ACD53600151C30 /* Images.xcassets */; };
		07F2C31D18ACD53600151C30 /* XCTest.framework in Frameworks */ = {isa = PBXBuildFile; fileRef = 07F2C31C18ACD53600151C30 /* XCTest.framework */; };
		07F2C31E18ACD53600151C30 /* Foundation.framework in Frameworks */ = {isa = PBXBuildFile; fileRef = 07F2C2FA18ACD53600151C30 /* Foundation.framework */; };
		07F2C31F18ACD53600151C30 /* UIKit.framework in Frameworks */ = {isa = PBXBuildFile; fileRef = 07F2C2FE18ACD53600151C30 /* UIKit.framework */; };
		07F2C32718ACD53600151C30 /* InfoPlist.strings in Resources */ = {isa = PBXBuildFile; fileRef = 07F2C32518ACD53600151C30 /* InfoPlist.strings */; };
		07F2C32918ACD53600151C30 /* MDATests.m in Sources */ = {isa = PBXBuildFile; fileRef = 07F2C32818ACD53600151C30 /* MDATests.m */; };
/* End PBXBuildFile section */

/* Begin PBXContainerItemProxy section */
		07F2C32018ACD53600151C30 /* PBXContainerItemProxy */ = {
			isa = PBXContainerItemProxy;
			containerPortal = 07F2C2EF18ACD53600151C30 /* Project object */;
			proxyType = 1;
			remoteGlobalIDString = 07F2C2F618ACD53600151C30;
			remoteInfo = MDA;
		};
/* End PBXContainerItemProxy section */

/* Begin PBXFileReference section */
		07F2C2F718ACD53600151C30 /* MDA.app */ = {isa = PBXFileReference; explicitFileType = wrapper.application; includeInIndex = 0; path = MDA.app; sourceTree = BUILT_PRODUCTS_DIR; };
		07F2C2FA18ACD53600151C30 /* Foundation.framework */ = {isa = PBXFileReference; lastKnownFileType = wrapper.framework; name = Foundation.framework; path = System/Library/Frameworks/Foundation.framework; sourceTree = SDKROOT; };
		07F2C2FC18ACD53600151C30 /* CoreGraphics.framework */ = {isa = PBXFileReference; lastKnownFileType = wrapper.framework; name = CoreGraphics.framework; path = System/Library/Frameworks/CoreGraphics.framework; sourceTree = SDKROOT; };
		07F2C2FE18ACD53600151C30 /* UIKit.framework */ = {isa = PBXFileReference; lastKnownFileType = wrapper.framework; name = UIKit.framework; path = System/Library/Frameworks/UIKit.framework; sourceTree = SDKROOT; };
		07F2C30218ACD53600151C30 /* MDA-Info.plist */ = {isa = PBXFileReference; lastKnownFileType = text.plist.xml; path = "MDA-Info.plist"; sourceTree = "<group>"; };
		07F2C30418ACD53600151C30 /* en */ = {isa = PBXFileReference; lastKnownFileType = text.plist.strings; name = en; path = en.lproj/InfoPlist.strings; sourceTree = "<group>"; };
		07F2C30618ACD53600151C30 /* main.m */ = {isa = PBXFileReference; lastKnownFileType = sourcecode.c.objc; path = main.m; sourceTree = "<group>"; };
		07F2C30818ACD53600151C30 /* MDA-Prefix.pch */ = {isa = PBXFileReference; lastKnownFileType = sourcecode.c.h; path = "MDA-Prefix.pch"; sourceTree = "<group>"; };
		07F2C30918ACD53600151C30 /* CBAppDelegate.h */ = {isa = PBXFileReference; lastKnownFileType = sourcecode.c.h; path = CBAppDelegate.h; sourceTree = "<group>"; };
		07F2C30A18ACD53600151C30 /* CBAppDelegate.m */ = {isa = PBXFileReference; lastKnownFileType = sourcecode.c.objc; path = CBAppDelegate.m; sourceTree = "<group>"; };
		07F2C30D18ACD53600151C30 /* Base */ = {isa = PBXFileReference; lastKnownFileType = file.storyboard; name = Base; path = Base.lproj/Main.storyboard; sourceTree = "<group>"; };
		07F2C30F18ACD53600151C30 /* CBMasterViewController.h */ = {isa = PBXFileReference; lastKnownFileType = sourcecode.c.h; path = CBMasterViewController.h; sourceTree = "<group>"; };
		07F2C31018ACD53600151C30 /* CBMasterViewController.m */ = {isa = PBXFileReference; lastKnownFileType = sourcecode.c.objc; path = CBMasterViewController.m; sourceTree = "<group>"; };
		07F2C31218ACD53600151C30 /* CBDetailViewController.h */ = {isa = PBXFileReference; lastKnownFileType = sourcecode.c.h; path = CBDetailViewController.h; sourceTree = "<group>"; };
		07F2C31318ACD53600151C30 /* CBDetailViewController.m */ = {isa = PBXFileReference; lastKnownFileType = sourcecode.c.objc; path = CBDetailViewController.m; sourceTree = "<group>"; };
		07F2C31518ACD53600151C30 /* Images.xcassets */ = {isa = PBXFileReference; lastKnownFileType = folder.assetcatalog; path = Images.xcassets; sourceTree = "<group>"; };
		07F2C31B18ACD53600151C30 /* MDATests.xctest */ = {isa = PBXFileReference; explicitFileType = wrapper.cfbundle; includeInIndex = 0; path = MDATests.xctest; sourceTree = BUILT_PRODUCTS_DIR; };
		07F2C31C18ACD53600151C30 /* XCTest.framework */ = {isa = PBXFileReference; lastKnownFileType = wrapper.framework; name = XCTest.framework; path = Library/Frameworks/XCTest.framework; sourceTree = DEVELOPER_DIR; };
		07F2C32418ACD53600151C30 /* MDATests-Info.plist */ = {isa = PBXFileReference; lastKnownFileType = text.plist.xml; path = "MDATests-Info.plist"; sourceTree = "<group>"; };
		07F2C32618ACD53600151C30 /* en */ = {isa = PBXFileReference; lastKnownFileType = text.plist.strings; name = en; path = en.lproj/InfoPlist.strings; sourceTree = "<group>"; };
		07F2C32818ACD53600151C30 /* MDATests.m */ = {isa = PBXFileReference; lastKnownFileType = sourcecode.c.objc; path = MDATests.m; sourceTree = "<group>"; };
/* End PBXFileReference section */

/* Begin PBXFrameworksBuildPhase section */
		07F2C2F418ACD53600151C30 /* Frameworks */ = {
			isa = PBXFrameworksBuildPhase;
			buildActionMask = 2147483647;
			files = (
				07F2C2FD18ACD53600151C30 /* CoreGraphics.framework in Frameworks */,
				07F2C2FF18ACD53600151C30 /* UIKit.framework in Frameworks */,
				07F2C2FB18ACD53600151C30 /* Foundation.framework in Frameworks */,
			);
			runOnlyForDeploymentPostprocessing = 0;
		};
		07F2C31818ACD53600151C30 /* Frameworks */ = {
			isa = PBXFrameworksBuildPhase;
			buildActionMask = 2147483647;
			files = (
				07F2C31D18ACD53600151C30 /* XCTest.framework in Frameworks */,
				07F2C31F18ACD53600151C30 /* UIKit.framework in Frameworks */,
				07F2C31E18ACD53600151C30 /* Foundation.framework in Frameworks */,
			);
			runOnlyForDeploymentPostprocessing = 0;
		};
/* End PBXFrameworksBuildPhase section */

/* Begin PBXGroup section */
		07F2C2EE18ACD53600151C30 = {
			isa = PBXGroup;
			children = (
				07F2C30018ACD53600151C30 /* MDA */,
				07F2C32218ACD53600151C30 /* MDATests */,
				07F2C2F918ACD53600151C30 /* Frameworks */,
				07F2C2F818ACD53600151C30 /* Products */,
			);
			sourceTree = "<group>";
		};
		07F2C2F818ACD53600151C30 /* Products */ = {
			isa = PBXGroup;
			children = (
				07F2C2F718ACD53600151C30 /* MDA.app */,
				07F2C31B18ACD53600151C30 /* MDATests.xctest */,
			);
			name = Products;
			sourceTree = "<group>";
		};
		07F2C2F918ACD53600151C30 /* Frameworks */ = {
			isa = PBXGroup;
			children = (
				07F2C2FA18ACD53600151C30 /* Foundation.framework */,
				07F2C2FC18ACD53600151C30 /* CoreGraphics.framework */,
				07F2C2FE18ACD53600151C30 /* UIKit.framework */,
				07F2C31C18ACD53600151C30 /* XCTest.framework */,
			);
			name = Frameworks;
			sourceTree = "<group>";
		};
		07F2C30018ACD53600151C30 /* MDA */ = {
			isa = PBXGroup;
			children = (
				07F2C30918ACD53600151C30 /* CBAppDelegate.h */,
				07F2C30A18ACD53600151C30 /* CBAppDelegate.m */,
				07F2C30C18ACD53600151C30 /* Main.storyboard */,
				07F2C30F18ACD53600151C30 /* CBMasterViewController.h */,
				07F2C31018ACD53600151C30 /* CBMasterViewController.m */,
				07F2C31218ACD53600151C30 /* CBDetailViewController.h */,
				07F2C31318ACD53600151C30 /* CBDetailViewController.m */,
				07F2C31518ACD53600151C30 /* Images.xcassets */,
				07F2C30118ACD53600151C30 /* Supporting Files */,
			);
			path = MDA;
			sourceTree = "<group>";
		};
		07F2C30118ACD53600151C30 /* Supporting Files */ = {
			isa = PBXGroup;
			children = (
				07F2C30218ACD53600151C30 /* MDA-Info.plist */,
				07F2C30318ACD53600151C30 /* InfoPlist.strings */,
				07F2C30618ACD53600151C30 /* main.m */,
				07F2C30818ACD53600151C30 /* MDA-Prefix.pch */,
			);
			name = "Supporting Files";
			sourceTree = "<group>";
		};
		07F2C32218ACD53600151C30 /* MDATests */ = {
			isa = PBXGroup;
			children = (
				07F2C32818ACD53600151C30 /* MDATests.m */,
				07F2C32318ACD53600151C30 /* Supporting Files */,
			);
			path = MDATests;
			sourceTree = "<group>";
		};
		07F2C32318ACD53600151C30 /* Supporting Files */ = {
			isa = PBXGroup;
			children = (
				07F2C32418ACD53600151C30 /* MDATests-Info.plist */,
				07F2C32518ACD53600151C30 /* InfoPlist.strings */,
			);
			name = "Supporting Files";
			sourceTree = "<group>";
		};
/* End PBXGroup section */

/* Begin PBXNativeTarget section */
		07F2C2F618ACD53600151C30 /* MDA */ = {
			isa = PBXNativeTarget;
			buildConfigurationList = 07F2C32C18ACD53600151C30 /* Build configuration list for PBXNativeTarget "MDA" */;
			buildPhases = (
				07F2C2F318ACD53600151C30 /* Sources */,
				07F2C2F418ACD53600151C30 /* Frameworks */,
				07F2C2F518ACD53600151C30 /* Resources */,
			);
			buildRules = (
			);
			dependencies = (
			);
			name = MDA;
			productName = MDA;
			productReference = 07F2C2F718ACD53600151C30 /* MDA.app */;
			productType = "com.apple.product-type.application";
		};
		07F2C31A18ACD53600151C30 /* MDATests */ = {
			isa = PBXNativeTarget;
			buildConfigurationList = 07F2C32F18ACD53600151C30 /* Build configuration list for PBXNativeTarget "MDATests" */;
			buildPhases = (
				07F2C31718ACD53600151C30 /* Sources */,
				07F2C31818ACD53600151C30 /* Frameworks */,
				07F2C31918ACD53600151C30 /* Resources */,
			);
			buildRules = (
			);
			dependencies = (
				07F2C32118ACD53600151C30 /* PBXTargetDependency */,
			);
			name = MDATests;
			productName = MDATests;
			productReference = 07F2C31B18ACD53600151C30 /* MDATests.xctest */;
			productType = "com.apple.product-type.bundle.unit-test";
		};
/* End PBXNativeTarget section */

/* Begin PBXProject section */
		07F2C2EF18ACD53600151C30 /* Project object */ = {
			isa = PBXProject;
			attributes = {
				CLASSPREFIX = CB;
				LastUpgradeCheck = 0500;
				ORGANIZATIONNAME = "Carlos Butron";
				TargetAttributes = {
					07F2C31A18ACD53600151C30 = {
						TestTargetID = 07F2C2F618ACD53600151C30;
					};
				};
			};
			buildConfigurationList = 07F2C2F218ACD53600151C30 /* Build configuration list for PBXProject "MDA" */;
			compatibilityVersion = "Xcode 3.2";
			developmentRegion = English;
			hasScannedForEncodings = 0;
			knownRegions = (
				en,
				Base,
			);
			mainGroup = 07F2C2EE18ACD53600151C30;
			productRefGroup = 07F2C2F818ACD53600151C30 /* Products */;
			projectDirPath = "";
			projectRoot = "";
			targets = (
				07F2C2F618ACD53600151C30 /* MDA */,
				07F2C31A18ACD53600151C30 /* MDATests */,
			);
		};
/* End PBXProject section */

/* Begin PBXResourcesBuildPhase section */
		07F2C2F518ACD53600151C30 /* Resources */ = {
			isa = PBXResourcesBuildPhase;
			buildActionMask = 2147483647;
			files = (
				07F2C31618ACD53600151C30 /* Images.xcassets in Resources */,
				07F2C30518ACD53600151C30 /* InfoPlist.strings in Resources */,
				07F2C30E18ACD53600151C30 /* Main.storyboard in Resources */,
			);
			runOnlyForDeploymentPostprocessing = 0;
		};
		07F2C31918ACD53600151C30 /* Resources */ = {
			isa = PBXResourcesBuildPhase;
			buildActionMask = 2147483647;
			files = (
				07F2C32718ACD53600151C30 /* InfoPlist.strings in Resources */,
			);
			runOnlyForDeploymentPostprocessing = 0;
		};
/* End PBXResourcesBuildPhase section */

/* Begin PBXSourcesBuildPhase section */
		07F2C2F318ACD53600151C30 /* Sources */ = {
			isa = PBXSourcesBuildPhase;
			buildActionMask = 2147483647;
			files = (
				07F2C30718ACD53600151C30 /* main.m in Sources */,
				07F2C31118ACD53600151C30 /* CBMasterViewController.m in Sources */,
				07F2C31418ACD53600151C30 /* CBDetailViewController.m in Sources */,
				07F2C30B18ACD53600151C30 /* CBAppDelegate.m in Sources */,
			);
			runOnlyForDeploymentPostprocessing = 0;
		};
		07F2C31718ACD53600151C30 /* Sources */ = {
			isa = PBXSourcesBuildPhase;
			buildActionMask = 2147483647;
			files = (
				07F2C32918ACD53600151C30 /* MDATests.m in Sources */,
			);
			runOnlyForDeploymentPostprocessing = 0;
		};
/* End PBXSourcesBuildPhase section */

/* Begin PBXTargetDependency section */
		07F2C32118ACD53600151C30 /* PBXTargetDependency */ = {
			isa = PBXTargetDependency;
			target = 07F2C2F618ACD53600151C30 /* MDA */;
			targetProxy = 07F2C32018ACD53600151C30 /* PBXContainerItemProxy */;
		};
/* End PBXTargetDependency section */

/* Begin PBXVariantGroup section */
		07F2C30318ACD53600151C30 /* InfoPlist.strings */ = {
			isa = PBXVariantGroup;
			children = (
				07F2C30418ACD53600151C30 /* en */,
			);
			name = InfoPlist.strings;
			sourceTree = "<group>";
		};
		07F2C30C18ACD53600151C30 /* Main.storyboard */ = {
			isa = PBXVariantGroup;
			children = (
				07F2C30D18ACD53600151C30 /* Base */,
			);
			name = Main.storyboard;
			sourceTree = "<group>";
		};
		07F2C32518ACD53600151C30 /* InfoPlist.strings */ = {
			isa = PBXVariantGroup;
			children = (
				07F2C32618ACD53600151C30 /* en */,
			);
			name = InfoPlist.strings;
			sourceTree = "<group>";
		};
/* End PBXVariantGroup section */

/* Begin XCBuildConfiguration section */
		07F2C32A18ACD53600151C30 /* Debug */ = {
			isa = XCBuildConfiguration;
			buildSettings = {
				ALWAYS_SEARCH_USER_PATHS = NO;
				ARCHS = "$(ARCHS_STANDARD_INCLUDING_64_BIT)";
				CLANG_CXX_LANGUAGE_STANDARD = "gnu++0x";
				CLANG_CXX_LIBRARY = "libc++";
				CLANG_ENABLE_MODULES = YES;
				CLANG_ENABLE_OBJC_ARC = YES;
				CLANG_WARN_BOOL_CONVERSION = YES;
				CLANG_WARN_CONSTANT_CONVERSION = YES;
				CLANG_WARN_DIRECT_OBJC_ISA_USAGE = YES_ERROR;
				CLANG_WARN_EMPTY_BODY = YES;
				CLANG_WARN_ENUM_CONVERSION = YES;
				CLANG_WARN_INT_CONVERSION = YES;
				CLANG_WARN_OBJC_ROOT_CLASS = YES_ERROR;
				CLANG_WARN__DUPLICATE_METHOD_MATCH = YES;
				"CODE_SIGN_IDENTITY[sdk=iphoneos*]" = "iPhone Developer";
				COPY_PHASE_STRIP = NO;
				GCC_C_LANGUAGE_STANDARD = gnu99;
				GCC_DYNAMIC_NO_PIC = NO;
				GCC_OPTIMIZATION_LEVEL = 0;
				GCC_PREPROCESSOR_DEFINITIONS = (
					"DEBUG=1",
					"$(inherited)",
				);
				GCC_SYMBOLS_PRIVATE_EXTERN = NO;
				GCC_WARN_64_TO_32_BIT_CONVERSION = YES;
				GCC_WARN_ABOUT_RETURN_TYPE = YES_ERROR;
				GCC_WARN_UNDECLARED_SELECTOR = YES;
				GCC_WARN_UNINITIALIZED_AUTOS = YES;
				GCC_WARN_UNUSED_FUNCTION = YES;
				GCC_WARN_UNUSED_VARIABLE = YES;
				IPHONEOS_DEPLOYMENT_TARGET = 7.0;
				ONLY_ACTIVE_ARCH = YES;
				SDKROOT = iphoneos;
			};
			name = Debug;
		};
		07F2C32B18ACD53600151C30 /* Release */ = {
			isa = XCBuildConfiguration;
			buildSettings = {
				ALWAYS_SEARCH_USER_PATHS = NO;
				ARCHS = "$(ARCHS_STANDARD_INCLUDING_64_BIT)";
				CLANG_CXX_LANGUAGE_STANDARD = "gnu++0x";
				CLANG_CXX_LIBRARY = "libc++";
				CLANG_ENABLE_MODULES = YES;
				CLANG_ENABLE_OBJC_ARC = YES;
				CLANG_WARN_BOOL_CONVERSION = YES;
				CLANG_WARN_CONSTANT_CONVERSION = YES;
				CLANG_WARN_DIRECT_OBJC_ISA_USAGE = YES_ERROR;
				CLANG_WARN_EMPTY_BODY = YES;
				CLANG_WARN_ENUM_CONVERSION = YES;
				CLANG_WARN_INT_CONVERSION = YES;
				CLANG_WARN_OBJC_ROOT_CLASS = YES_ERROR;
				CLANG_WARN__DUPLICATE_METHOD_MATCH = YES;
				"CODE_SIGN_IDENTITY[sdk=iphoneos*]" = "iPhone Developer";
				COPY_PHASE_STRIP = YES;
				ENABLE_NS_ASSERTIONS = NO;
				GCC_C_LANGUAGE_STANDARD = gnu99;
				GCC_WARN_64_TO_32_BIT_CONVERSION = YES;
				GCC_WARN_ABOUT_RETURN_TYPE = YES_ERROR;
				GCC_WARN_UNDECLARED_SELECTOR = YES;
				GCC_WARN_UNINITIALIZED_AUTOS = YES;
				GCC_WARN_UNUSED_FUNCTION = YES;
				GCC_WARN_UNUSED_VARIABLE = YES;
				IPHONEOS_DEPLOYMENT_TARGET = 7.0;
				SDKROOT = iphoneos;
				VALIDATE_PRODUCT = YES;
			};
			name = Release;
		};
		07F2C32D18ACD53600151C30 /* Debug */ = {
			isa = XCBuildConfiguration;
			buildSettings = {
				ASSETCATALOG_COMPILER_APPICON_NAME = AppIcon;
				ASSETCATALOG_COMPILER_LAUNCHIMAGE_NAME = LaunchImage;
				GCC_PRECOMPILE_PREFIX_HEADER = YES;
				GCC_PREFIX_HEADER = "MDA/MDA-Prefix.pch";
				INFOPLIST_FILE = "MDA/MDA-Info.plist";
				PRODUCT_NAME = "$(TARGET_NAME)";
				WRAPPER_EXTENSION = app;
			};
			name = Debug;
		};
		07F2C32E18ACD53600151C30 /* Release */ = {
			isa = XCBuildConfiguration;
			buildSettings = {
				ASSETCATALOG_COMPILER_APPICON_NAME = AppIcon;
				ASSETCATALOG_COMPILER_LAUNCHIMAGE_NAME = LaunchImage;
				GCC_PRECOMPILE_PREFIX_HEADER = YES;
				GCC_PREFIX_HEADER = "MDA/MDA-Prefix.pch";
				INFOPLIST_FILE = "MDA/MDA-Info.plist";
				PRODUCT_NAME = "$(TARGET_NAME)";
				WRAPPER_EXTENSION = app;
			};
			name = Release;
		};
		07F2C33018ACD53600151C30 /* Debug */ = {
			isa = XCBuildConfiguration;
			buildSettings = {
				ARCHS = "$(ARCHS_STANDARD_INCLUDING_64_BIT)";
				BUNDLE_LOADER = "$(BUILT_PRODUCTS_DIR)/MDA.app/MDA";
				FRAMEWORK_SEARCH_PATHS = (
					"$(SDKROOT)/Developer/Library/Frameworks",
					"$(inherited)",
					"$(DEVELOPER_FRAMEWORKS_DIR)",
				);
				GCC_PRECOMPILE_PREFIX_HEADER = YES;
				GCC_PREFIX_HEADER = "MDA/MDA-Prefix.pch";
				GCC_PREPROCESSOR_DEFINITIONS = (
					"DEBUG=1",
					"$(inherited)",
				);
				INFOPLIST_FILE = "MDATests/MDATests-Info.plist";
				PRODUCT_NAME = "$(TARGET_NAME)";
				TEST_HOST = "$(BUNDLE_LOADER)";
				WRAPPER_EXTENSION = xctest;
			};
			name = Debug;
		};
		07F2C33118ACD53600151C30 /* Release */ = {
			isa = XCBuildConfiguration;
			buildSettings = {
				ARCHS = "$(ARCHS_STANDARD_INCLUDING_64_BIT)";
				BUNDLE_LOADER = "$(BUILT_PRODUCTS_DIR)/MDA.app/MDA";
				FRAMEWORK_SEARCH_PATHS = (
					"$(SDKROOT)/Developer/Library/Frameworks",
					"$(inherited)",
					"$(DEVELOPER_FRAMEWORKS_DIR)",
				);
				GCC_PRECOMPILE_PREFIX_HEADER = YES;
				GCC_PREFIX_HEADER = "MDA/MDA-Prefix.pch";
				INFOPLIST_FILE = "MDATests/MDATests-Info.plist";
				PRODUCT_NAME = "$(TARGET_NAME)";
				TEST_HOST = "$(BUNDLE_LOADER)";
				WRAPPER_EXTENSION = xctest;
			};
			name = Release;
		};
/* End XCBuildConfiguration section */

/* Begin XCConfigurationList section */
		07F2C2F218ACD53600151C30 /* Build configuration list for PBXProject "MDA" */ = {
			isa = XCConfigurationList;
			buildConfigurations = (
				07F2C32A18ACD53600151C30 /* Debug */,
				07F2C32B18ACD53600151C30 /* Release */,
			);
			defaultConfigurationIsVisible = 0;
			defaultConfigurationName = Release;
		};
		07F2C32C18ACD53600151C30 /* Build configuration list for PBXNativeTarget "MDA" */ = {
			isa = XCConfigurationList;
			buildConfigurations = (
				07F2C32D18ACD53600151C30 /* Debug */,
				07F2C32E18ACD53600151C30 /* Release */,
			);
			defaultConfigurationIsVisible = 0;
		};
		07F2C32F18ACD53600151C30 /* Build configuration list for PBXNativeTarget "MDATests" */ = {
			isa = XCConfigurationList;
			buildConfigurations = (
				07F2C33018ACD53600151C30 /* Debug */,
				07F2C33118ACD53600151C30 /* Release */,
			);
			defaultConfigurationIsVisible = 0;
		};
/* End XCConfigurationList section */
	};
	rootObject = 07F2C2EF18ACD53600151C30 /* Project object */;
}
